
Microsoft Visual Studio Solution File, Format Version 12.00
# Visual Studio 2013
VisualStudioVersion = 12.0.40629.0
MinimumVisualStudioVersion = 10.0.40219.1
Project("{FAE04EC0-301F-11D3-BF4B-00C04F79EFBC}") = "MyLinkedList", "MyLinkedList\MyLinkedList.csproj", "{51D99CC6-F893-432F-913C-969F2395BC76}"
EndProject
Project("{FAE04EC0-301F-11D3-BF4B-00C04F79EFBC}") = "MyLinkedListTest", "MyLinkedListTest\MyLinkedListTest.csproj", "{67B6A486-AEDF-402B-A7A0-36A0954A6C2B}"
EndProject
Global
	GlobalSection(SolutionConfigurationPlatforms) = preSolution
		Debug|Any CPU = Debug|Any CPU
		Debug|ARM = Debug|ARM
		Debug|x64 = Debug|x64
		Debug|x86 = Debug|x86
		Release|Any CPU = Release|Any CPU
		Release|ARM = Release|ARM
		Release|x64 = Release|x64
		Release|x86 = Release|x86
	EndGlobalSection
	GlobalSection(ProjectConfigurationPlatforms) = postSolution
		{51D99CC6-F893-432F-913C-969F2395BC76}.Debug|Any CPU.ActiveCfg = Debug|Any CPU
		{51D99CC6-F893-432F-913C-969F2395BC76}.Debug|Any CPU.Build.0 = Debug|Any CPU
		{51D99CC6-F893-432F-913C-969F2395BC76}.Debug|ARM.ActiveCfg = Debug|Any CPU
		{51D99CC6-F893-432F-913C-969F2395BC76}.Debug|ARM.Build.0 = Debug|Any CPU
		{51D99CC6-F893-432F-913C-969F2395BC76}.Debug|x64.ActiveCfg = Debug|Any CPU
		{51D99CC6-F893-432F-913C-969F2395BC76}.Debug|x64.Build.0 = Debug|Any CPU
		{51D99CC6-F893-432F-913C-969F2395BC76}.Debug|x86.ActiveCfg = Debug|Any CPU
		{51D99CC6-F893-432F-913C-969F2395BC76}.Debug|x86.Build.0 = Debug|Any CPU
		{51D99CC6-F893-432F-913C-969F2395BC76}.Release|Any CPU.ActiveCfg = Release|Any CPU
		{51D99CC6-F893-432F-913C-969F2395BC76}.Release|Any CPU.Build.0 = Release|Any CPU
		{51D99CC6-F893-432F-913C-969F2395BC76}.Release|ARM.ActiveCfg = Release|Any CPU
		{51D99CC6-F893-432F-913C-969F2395BC76}.Release|ARM.Build.0 = Release|Any CPU
		{51D99CC6-F893-432F-913C-969F2395BC76}.Release|x64.ActiveCfg = Release|Any CPU
		{51D99CC6-F893-432F-913C-969F2395BC76}.Release|x64.Build.0 = Release|Any CPU
		{51D99CC6-F893-432F-913C-969F2395BC76}.Release|x86.ActiveCfg = Release|Any CPU
		{51D99CC6-F893-432F-913C-969F2395BC76}.Release|x86.Build.0 = Release|Any CPU
		{67B6A486-AEDF-402B-A7A0-36A0954A6C2B}.Debug|Any CPU.ActiveCfg = Debug|Any CPU
		{67B6A486-AEDF-402B-A7A0-36A0954A6C2B}.Debug|Any CPU.Build.0 = Debug|Any CPU
		{67B6A486-AEDF-402B-A7A0-36A0954A6C2B}.Debug|ARM.ActiveCfg = Debug|Any CPU
		{67B6A486-AEDF-402B-A7A0-36A0954A6C2B}.Debug|ARM.Build.0 = Debug|Any CPU
		{67B6A486-AEDF-402B-A7A0-36A0954A6C2B}.Debug|x64.ActiveCfg = Debug|Any CPU
		{67B6A486-AEDF-402B-A7A0-36A0954A6C2B}.Debug|x64.Build.0 = Debug|Any CPU
		{67B6A486-AEDF-402B-A7A0-36A0954A6C2B}.Debug|x86.ActiveCfg = Debug|Any CPU
		{67B6A486-AEDF-402B-A7A0-36A0954A6C2B}.Debug|x86.Build.0 = Debug|Any CPU
		{67B6A486-AEDF-402B-A7A0-36A0954A6C2B}.Release|Any CPU.ActiveCfg = Release|Any CPU
		{67B6A486-AEDF-402B-A7A0-36A0954A6C2B}.Release|Any CPU.Build.0 = Release|Any CPU
		{67B6A486-AEDF-402B-A7A0-36A0954A6C2B}.Release|ARM.ActiveCfg = Release|Any CPU
		{67B6A486-AEDF-402B-A7A0-36A0954A6C2B}.Release|ARM.Build.0 = Release|Any CPU
		{67B6A486-AEDF-402B-A7A0-36A0954A6C2B}.Release|x64.ActiveCfg = Release|Any CPU
		{67B6A486-AEDF-402B-A7A0-36A0954A6C2B}.Release|x64.Build.0 = Release|Any CPU
		{67B6A486-AEDF-402B-A7A0-36A0954A6C2B}.Release|x86.ActiveCfg = Release|Any CPU
		{67B6A486-AEDF-402B-A7A0-36A0954A6C2B}.Release|x86.Build.0 = Release|Any CPU
	EndGlobalSection
	GlobalSection(SolutionProperties) = preSolution
		HideSolutionNode = FALSE
	EndGlobalSection
	GlobalSection(ExtensibilityGlobals) = postSolution
		SolutionGuid = {9CB54BD1-ADFA-4F8A-B915-A8BF8D1B196E}
	EndGlobalSection
EndGlobal
